
Microsoft Visual Studio Solution File, Format Version 12.00
# Visual Studio 15
VisualStudioVersion = 15.0.28010.2019
MinimumVisualStudioVersion = 10.0.40219.1
Project("{FAE04EC0-301F-11D3-BF4B-00C04F79EFBC}") = "Zoom.Android", "Zoom\Zoom.Android\Zoom.Android.csproj", "{58FCE9AA-4538-4DA2-A952-BDF6047B7A2A}"
EndProject
Project("{FAE04EC0-301F-11D3-BF4B-00C04F79EFBC}") = "Zoom.iOS", "Zoom\Zoom.iOS\Zoom.iOS.csproj", "{B7C00736-6EC2-4E40-A5F8-90F01034C598}"
EndProject
Project("{FAE04EC0-301F-11D3-BF4B-00C04F79EFBC}") = "Zoom.UWP", "Zoom\Zoom.UWP\Zoom.UWP.csproj", "{D19DD525-36F8-438F-AFCB-ACC59008ACD1}"
EndProject
Project("{D954291E-2A0B-460D-934E-DC6B0785DB48}") = "Zoom", "Zoom\Zoom\Zoom.shproj", "{D2785349-9007-491B-9695-B6F455FDF507}"
EndProject
Global
	GlobalSection(SharedMSBuildProjectFiles) = preSolution
		Zoom\Zoom\Zoom.projitems*{58fce9aa-4538-4da2-a952-bdf6047b7a2a}*SharedItemsImports = 4
		Zoom\Zoom\Zoom.projitems*{b7c00736-6ec2-4e40-a5f8-90f01034c598}*SharedItemsImports = 4
		Zoom\Zoom\Zoom.projitems*{d19dd525-36f8-438f-afcb-acc59008acd1}*SharedItemsImports = 4
		Zoom\Zoom\Zoom.projitems*{d2785349-9007-491b-9695-b6f455fdf507}*SharedItemsImports = 13
	EndGlobalSection
	GlobalSection(SolutionConfigurationPlatforms) = preSolution
		Ad-Hoc|Any CPU = Ad-Hoc|Any CPU
		Ad-Hoc|ARM = Ad-Hoc|ARM
		Ad-Hoc|iPhone = Ad-Hoc|iPhone
		Ad-Hoc|iPhoneSimulator = Ad-Hoc|iPhoneSimulator
		Ad-Hoc|x64 = Ad-Hoc|x64
		Ad-Hoc|x86 = Ad-Hoc|x86
		AppStore|Any CPU = AppStore|Any CPU
		AppStore|ARM = AppStore|ARM
		AppStore|iPhone = AppStore|iPhone
		AppStore|iPhoneSimulator = AppStore|iPhoneSimulator
		AppStore|x64 = AppStore|x64
		AppStore|x86 = AppStore|x86
		Debug|Any CPU = Debug|Any CPU
		Debug|ARM = Debug|ARM
		Debug|iPhone = Debug|iPhone
		Debug|iPhoneSimulator = Debug|iPhoneSimulator
		Debug|x64 = Debug|x64
		Debug|x86 = Debug|x86
		Release|Any CPU = Release|Any CPU
		Release|ARM = Release|ARM
		Release|iPhone = Release|iPhone
		Release|iPhoneSimulator = Release|iPhoneSimulator
		Release|x64 = Release|x64
		Release|x86 = Release|x86
	EndGlobalSection
	GlobalSection(ProjectConfigurationPlatforms) = postSolution
		{58FCE9AA-4538-4DA2-A952-BDF6047B7A2A}.Ad-Hoc|Any CPU.ActiveCfg = Release|Any CPU
		{58FCE9AA-4538-4DA2-A952-BDF6047B7A2A}.Ad-Hoc|Any CPU.Build.0 = Release|Any CPU
		{58FCE9AA-4538-4DA2-A952-BDF6047B7A2A}.Ad-Hoc|Any CPU.Deploy.0 = Release|Any CPU
		{58FCE9AA-4538-4DA2-A952-BDF6047B7A2A}.Ad-Hoc|ARM.ActiveCfg = Release|Any CPU
		{58FCE9AA-4538-4DA2-A952-BDF6047B7A2A}.Ad-Hoc|ARM.Build.0 = Release|Any CPU
		{58FCE9AA-4538-4DA2-A952-BDF6047B7A2A}.Ad-Hoc|ARM.Deploy.0 = Release|Any CPU
		{58FCE9AA-4538-4DA2-A952-BDF6047B7A2A}.Ad-Hoc|iPhone.ActiveCfg = Release|Any CPU
		{58FCE9AA-4538-4DA2-A952-BDF6047B7A2A}.Ad-Hoc|iPhone.Build.0 = Release|Any CPU
		{58FCE9AA-4538-4DA2-A952-BDF6047B7A2A}.Ad-Hoc|iPhone.Deploy.0 = Release|Any CPU
		{58FCE9AA-4538-4DA2-A952-BDF6047B7A2A}.Ad-Hoc|iPhoneSimulator.ActiveCfg = Release|Any CPU
		{58FCE9AA-4538-4DA2-A952-BDF6047B7A2A}.Ad-Hoc|iPhoneSimulator.Build.0 = Release|Any CPU
		{58FCE9AA-4538-4DA2-A952-BDF6047B7A2A}.Ad-Hoc|iPhoneSimulator.Deploy.0 = Release|Any CPU
		{58FCE9AA-4538-4DA2-A952-BDF6047B7A2A}.Ad-Hoc|x64.ActiveCfg = Release|Any CPU
		{58FCE9AA-4538-4DA2-A952-BDF6047B7A2A}.Ad-Hoc|x64.Build.0 = Release|Any CPU
		{58FCE9AA-4538-4DA2-A952-BDF6047B7A2A}.Ad-Hoc|x64.Deploy.0 = Release|Any CPU
		{58FCE9AA-4538-4DA2-A952-BDF6047B7A2A}.Ad-Hoc|x86.ActiveCfg = Release|Any CPU
		{58FCE9AA-4538-4DA2-A952-BDF6047B7A2A}.Ad-Hoc|x86.Build.0 = Release|Any CPU
		{58FCE9AA-4538-4DA2-A952-BDF6047B7A2A}.Ad-Hoc|x86.Deploy.0 = Release|Any CPU
		{58FCE9AA-4538-4DA2-A952-BDF6047B7A2A}.AppStore|Any CPU.ActiveCfg = Release|Any CPU
		{58FCE9AA-4538-4DA2-A952-BDF6047B7A2A}.AppStore|Any CPU.Build.0 = Release|Any CPU
		{58FCE9AA-4538-4DA2-A952-BDF6047B7A2A}.AppStore|Any CPU.Deploy.0 = Release|Any CPU
		{58FCE9AA-4538-4DA2-A952-BDF6047B7A2A}.AppStore|ARM.ActiveCfg = Release|Any CPU
		{58FCE9AA-4538-4DA2-A952-BDF6047B7A2A}.AppStore|ARM.Build.0 = Release|Any CPU
		{58FCE9AA-4538-4DA2-A952-BDF6047B7A2A}.AppStore|ARM.Deploy.0 = Release|Any CPU
		{58FCE9AA-4538-4DA2-A952-BDF6047B7A2A}.AppStore|iPhone.ActiveCfg = Release|Any CPU
		{58FCE9AA-4538-4DA2-A952-BDF6047B7A2A}.AppStore|iPhone.Build.0 = Release|Any CPU
		{58FCE9AA-4538-4DA2-A952-BDF6047B7A2A}.AppStore|iPhone.Deploy.0 = Release|Any CPU
		{58FCE9AA-4538-4DA2-A952-BDF6047B7A2A}.AppStore|iPhoneSimulator.ActiveCfg = Release|Any CPU
		{58FCE9AA-4538-4DA2-A952-BDF6047B7A2A}.AppStore|iPhoneSimulator.Build.0 = Release|Any CPU
		{58FCE9AA-4538-4DA2-A952-BDF6047B7A2A}.AppStore|iPhoneSimulator.Deploy.0 = Release|Any CPU
		{58FCE9AA-4538-4DA2-A952-BDF6047B7A2A}.AppStore|x64.ActiveCfg = Release|Any CPU
		{58FCE9AA-4538-4DA2-A952-BDF6047B7A2A}.AppStore|x64.Build.0 = Release|Any CPU
		{58FCE9AA-4538-4DA2-A952-BDF6047B7A2A}.AppStore|x64.Deploy.0 = Release|Any CPU
		{58FCE9AA-4538-4DA2-A952-BDF6047B7A2A}.AppStore|x86.ActiveCfg = Release|Any CPU
		{58FCE9AA-4538-4DA2-A952-BDF6047B7A2A}.AppStore|x86.Build.0 = Release|Any CPU
		{58FCE9AA-4538-4DA2-A952-BDF6047B7A2A}.AppStore|x86.Deploy.0 = Release|Any CPU
		{58FCE9AA-4538-4DA2-A952-BDF6047B7A2A}.Debug|Any CPU.ActiveCfg = Debug|Any CPU
		{58FCE9AA-4538-4DA2-A952-BDF6047B7A2A}.Debug|Any CPU.Build.0 = Debug|Any CPU
		{58FCE9AA-4538-4DA2-A952-BDF6047B7A2A}.Debug|Any CPU.Deploy.0 = Debug|Any CPU
		{58FCE9AA-4538-4DA2-A952-BDF6047B7A2A}.Debug|ARM.ActiveCfg = Debug|Any CPU
		{58FCE9AA-4538-4DA2-A952-BDF6047B7A2A}.Debug|ARM.Build.0 = Debug|Any CPU
		{58FCE9AA-4538-4DA2-A952-BDF6047B7A2A}.Debug|ARM.Deploy.0 = Debug|Any CPU
		{58FCE9AA-4538-4DA2-A952-BDF6047B7A2A}.Debug|iPhone.ActiveCfg = Debug|Any CPU
		{58FCE9AA-4538-4DA2-A952-BDF6047B7A2A}.Debug|iPhone.Build.0 = Debug|Any CPU
		{58FCE9AA-4538-4DA2-A952-BDF6047B7A2A}.Debug|iPhone.Deploy.0 = Debug|Any CPU
		{58FCE9AA-4538-4DA2-A952-BDF6047B7A2A}.Debug|iPhoneSimulator.ActiveCfg = Debug|Any CPU
		{58FCE9AA-4538-4DA2-A952-BDF6047B7A2A}.Debug|iPhoneSimulator.Build.0 = Debug|Any CPU
		{58FCE9AA-4538-4DA2-A952-BDF6047B7A2A}.Debug|iPhoneSimulator.Deploy.0 = Debug|Any CPU
		{58FCE9AA-4538-4DA2-A952-BDF6047B7A2A}.Debug|x64.ActiveCfg = Debug|Any CPU
		{58FCE9AA-4538-4DA2-A952-BDF6047B7A2A}.Debug|x64.Build.0 = Debug|Any CPU
		{58FCE9AA-4538-4DA2-A952-BDF6047B7A2A}.Debug|x64.Deploy.0 = Debug|Any CPU
		{58FCE9AA-4538-4DA2-A952-BDF6047B7A2A}.Debug|x86.ActiveCfg = Debug|Any CPU
		{58FCE9AA-4538-4DA2-A952-BDF6047B7A2A}.Debug|x86.Build.0 = Debug|Any CPU
		{58FCE9AA-4538-4DA2-A952-BDF6047B7A2A}.Debug|x86.Deploy.0 = Debug|Any CPU
		{58FCE9AA-4538-4DA2-A952-BDF6047B7A2A}.Release|Any CPU.ActiveCfg = Release|Any CPU
		{58FCE9AA-4538-4DA2-A952-BDF6047B7A2A}.Release|Any CPU.Build.0 = Release|Any CPU
		{58FCE9AA-4538-4DA2-A952-BDF6047B7A2A}.Release|Any CPU.Deploy.0 = Release|Any CPU
		{58FCE9AA-4538-4DA2-A952-BDF6047B7A2A}.Release|ARM.ActiveCfg = Release|Any CPU
		{58FCE9AA-4538-4DA2-A952-BDF6047B7A2A}.Release|ARM.Build.0 = Release|Any CPU
		{58FCE9AA-4538-4DA2-A952-BDF6047B7A2A}.Release|ARM.Deploy.0 = Release|Any CPU
		{58FCE9AA-4538-4DA2-A952-BDF6047B7A2A}.Release|iPhone.ActiveCfg = Release|Any CPU
		{58FCE9AA-4538-4DA2-A952-BDF6047B7A2A}.Release|iPhone.Build.0 = Release|Any CPU
		{58FCE9AA-4538-4DA2-A952-BDF6047B7A2A}.Release|iPhone.Deploy.0 = Release|Any CPU
		{58FCE9AA-4538-4DA2-A952-BDF6047B7A2A}.Release|iPhoneSimulator.ActiveCfg = Release|Any CPU
		{58FCE9AA-4538-4DA2-A952-BDF6047B7A2A}.Release|iPhoneSimulator.Build.0 = Release|Any CPU
		{58FCE9AA-4538-4DA2-A952-BDF6047B7A2A}.Release|iPhoneSimulator.Deploy.0 = Release|Any CPU
		{58FCE9AA-4538-4DA2-A952-BDF6047B7A2A}.Release|x64.ActiveCfg = Release|Any CPU
		{58FCE9AA-4538-4DA2-A952-BDF6047B7A2A}.Release|x64.Build.0 = Release|Any CPU
		{58FCE9AA-4538-4DA2-A952-BDF6047B7A2A}.Release|x64.Deploy.0 = Release|Any CPU
		{58FCE9AA-4538-4DA2-A952-BDF6047B7A2A}.Release|x86.ActiveCfg = Release|Any CPU
		{58FCE9AA-4538-4DA2-A952-BDF6047B7A2A}.Release|x86.Build.0 = Release|Any CPU
		{58FCE9AA-4538-4DA2-A952-BDF6047B7A2A}.Release|x86.Deploy.0 = Release|Any CPU
		{B7C00736-6EC2-4E40-A5F8-90F01034C598}.Ad-Hoc|Any CPU.ActiveCfg = Ad-Hoc|iPhone
		{B7C00736-6EC2-4E40-A5F8-90F01034C598}.Ad-Hoc|Any CPU.Build.0 = Ad-Hoc|iPhone
		{B7C00736-6EC2-4E40-A5F8-90F01034C598}.Ad-Hoc|Any CPU.Deploy.0 = Ad-Hoc|iPhone
		{B7C00736-6EC2-4E40-A5F8-90F01034C598}.Ad-Hoc|ARM.ActiveCfg = Ad-Hoc|iPhone
		{B7C00736-6EC2-4E40-A5F8-90F01034C598}.Ad-Hoc|ARM.Build.0 = Ad-Hoc|iPhone
		{B7C00736-6EC2-4E40-A5F8-90F01034C598}.Ad-Hoc|ARM.Deploy.0 = Ad-Hoc|iPhone
		{B7C00736-6EC2-4E40-A5F8-90F01034C598}.Ad-Hoc|iPhone.ActiveCfg = Ad-Hoc|iPhone
		{B7C00736-6EC2-4E40-A5F8-90F01034C598}.Ad-Hoc|iPhone.Build.0 = Ad-Hoc|iPhone
		{B7C00736-6EC2-4E40-A5F8-90F01034C598}.Ad-Hoc|iPhone.Deploy.0 = Ad-Hoc|iPhone
		{B7C00736-6EC2-4E40-A5F8-90F01034C598}.Ad-Hoc|iPhoneSimulator.ActiveCfg = Ad-Hoc|iPhoneSimulator
		{B7C00736-6EC2-4E40-A5F8-90F01034C598}.Ad-Hoc|iPhoneSimulator.Build.0 = Ad-Hoc|iPhoneSimulator
		{B7C00736-6EC2-4E40-A5F8-90F01034C598}.Ad-Hoc|iPhoneSimulator.Deploy.0 = Ad-Hoc|iPhoneSimulator
		{B7C00736-6EC2-4E40-A5F8-90F01034C598}.Ad-Hoc|x64.ActiveCfg = Ad-Hoc|iPhone
		{B7C00736-6EC2-4E40-A5F8-90F01034C598}.Ad-Hoc|x64.Build.0 = Ad-Hoc|iPhone
		{B7C00736-6EC2-4E40-A5F8-90F01034C598}.Ad-Hoc|x64.Deploy.0 = Ad-Hoc|iPhone
		{B7C00736-6EC2-4E40-A5F8-90F01034C598}.Ad-Hoc|x86.ActiveCfg = Ad-Hoc|iPhone
		{B7C00736-6EC2-4E40-A5F8-90F01034C598}.Ad-Hoc|x86.Build.0 = Ad-Hoc|iPhone
		{B7C00736-6EC2-4E40-A5F8-90F01034C598}.Ad-Hoc|x86.Deploy.0 = Ad-Hoc|iPhone
		{B7C00736-6EC2-4E40-A5F8-90F01034C598}.AppStore|Any CPU.ActiveCfg = AppStore|iPhone
		{B7C00736-6EC2-4E40-A5F8-90F01034C598}.AppStore|Any CPU.Build.0 = AppStore|iPhone
		{B7C00736-6EC2-4E40-A5F8-90F01034C598}.AppStore|Any CPU.Deploy.0 = AppStore|iPhone
		{B7C00736-6EC2-4E40-A5F8-90F01034C598}.AppStore|ARM.ActiveCfg = AppStore|iPhone
		{B7C00736-6EC2-4E40-A5F8-90F01034C598}.AppStore|ARM.Build.0 = AppStore|iPhone
		{B7C00736-6EC2-4E40-A5F8-90F01034C598}.AppStore|ARM.Deploy.0 = AppStore|iPhone
		{B7C00736-6EC2-4E40-A5F8-90F01034C598}.AppStore|iPhone.ActiveCfg = AppStore|iPhone
		{B7C00736-6EC2-4E40-A5F8-90F01034C598}.AppStore|iPhone.Build.0 = AppStore|iPhone
		{B7C00736-6EC2-4E40-A5F8-90F01034C598}.AppStore|iPhone.Deploy.0 = AppStore|iPhone
		{B7C00736-6EC2-4E40-A5F8-90F01034C598}.AppStore|iPhoneSimulator.ActiveCfg = AppStore|iPhoneSimulator
		{B7C00736-6EC2-4E40-A5F8-90F01034C598}.AppStore|iPhoneSimulator.Build.0 = AppStore|iPhoneSimulator
		{B7C00736-6EC2-4E40-A5F8-90F01034C598}.AppStore|iPhoneSimulator.Deploy.0 = AppStore|iPhoneSimulator
		{B7C00736-6EC2-4E40-A5F8-90F01034C598}.AppStore|x64.ActiveCfg = AppStore|iPhone
		{B7C00736-6EC2-4E40-A5F8-90F01034C598}.AppStore|x64.Build.0 = AppStore|iPhone
		{B7C00736-6EC2-4E40-A5F8-90F01034C598}.AppStore|x64.Deploy.0 = AppStore|iPhone
		{B7C00736-6EC2-4E40-A5F8-90F01034C598}.AppStore|x86.ActiveCfg = AppStore|iPhone
		{B7C00736-6EC2-4E40-A5F8-90F01034C598}.AppStore|x86.Build.0 = AppStore|iPhone
		{B7C00736-6EC2-4E40-A5F8-90F01034C598}.AppStore|x86.Deploy.0 = AppStore|iPhone
		{B7C00736-6EC2-4E40-A5F8-90F01034C598}.Debug|Any CPU.ActiveCfg = Debug|iPhoneSimulator
		{B7C00736-6EC2-4E40-A5F8-90F01034C598}.Debug|Any CPU.Build.0 = Debug|iPhoneSimulator
		{B7C00736-6EC2-4E40-A5F8-90F01034C598}.Debug|Any CPU.Deploy.0 = Debug|iPhoneSimulator
		{B7C00736-6EC2-4E40-A5F8-90F01034C598}.Debug|ARM.ActiveCfg = Debug|iPhone
		{B7C00736-6EC2-4E40-A5F8-90F01034C598}.Debug|ARM.Build.0 = Debug|iPhone
		{B7C00736-6EC2-4E40-A5F8-90F01034C598}.Debug|ARM.Deploy.0 = Debug|iPhone
		{B7C00736-6EC2-4E40-A5F8-90F01034C598}.Debug|iPhone.ActiveCfg = Debug|iPhone
		{B7C00736-6EC2-4E40-A5F8-90F01034C598}.Debug|iPhone.Build.0 = Debug|iPhone
		{B7C00736-6EC2-4E40-A5F8-90F01034C598}.Debug|iPhone.Deploy.0 = Debug|iPhone
		{B7C00736-6EC2-4E40-A5F8-90F01034C598}.Debug|iPhoneSimulator.ActiveCfg = Debug|iPhoneSimulator
		{B7C00736-6EC2-4E40-A5F8-90F01034C598}.Debug|iPhoneSimulator.Build.0 = Debug|iPhoneSimulator
		{B7C00736-6EC2-4E40-A5F8-90F01034C598}.Debug|iPhoneSimulator.Deploy.0 = Debug|iPhoneSimulator
		{B7C00736-6EC2-4E40-A5F8-90F01034C598}.Debug|x64.ActiveCfg = Debug|iPhone
		{B7C00736-6EC2-4E40-A5F8-90F01034C598}.Debug|x64.Build.0 = Debug|iPhone
		{B7C00736-6EC2-4E40-A5F8-90F01034C598}.Debug|x64.Deploy.0 = Debug|iPhone
		{B7C00736-6EC2-4E40-A5F8-90F01034C598}.Debug|x86.ActiveCfg = Debug|iPhone
		{B7C00736-6EC2-4E40-A5F8-90F01034C598}.Debug|x86.Build.0 = Debug|iPhone
		{B7C00736-6EC2-4E40-A5F8-90F01034C598}.Debug|x86.Deploy.0 = Debug|iPhone
		{B7C00736-6EC2-4E40-A5F8-90F01034C598}.Release|Any CPU.ActiveCfg = Release|iPhone
		{B7C00736-6EC2-4E40-A5F8-90F01034C598}.Release|Any CPU.Build.0 = Release|iPhone
		{B7C00736-6EC2-4E40-A5F8-90F01034C598}.Release|Any CPU.Deploy.0 = Release|iPhone
		{B7C00736-6EC2-4E40-A5F8-90F01034C598}.Release|ARM.ActiveCfg = Release|iPhone
		{B7C00736-6EC2-4E40-A5F8-90F01034C598}.Release|ARM.Build.0 = Release|iPhone
		{B7C00736-6EC2-4E40-A5F8-90F01034C598}.Release|ARM.Deploy.0 = Release|iPhone
		{B7C00736-6EC2-4E40-A5F8-90F01034C598}.Release|iPhone.ActiveCfg = Release|iPhone
		{B7C00736-6EC2-4E40-A5F8-90F01034C598}.Release|iPhone.Build.0 = Release|iPhone
		{B7C00736-6EC2-4E40-A5F8-90F01034C598}.Release|iPhone.Deploy.0 = Release|iPhone
		{B7C00736-6EC2-4E40-A5F8-90F01034C598}.Release|iPhoneSimulator.ActiveCfg = Release|iPhoneSimulator
		{B7C00736-6EC2-4E40-A5F8-90F01034C598}.Release|iPhoneSimulator.Build.0 = Release|iPhoneSimulator
		{B7C00736-6EC2-4E40-A5F8-90F01034C598}.Release|iPhoneSimulator.Deploy.0 = Release|iPhoneSimulator
		{B7C00736-6EC2-4E40-A5F8-90F01034C598}.Release|x64.ActiveCfg = Release|iPhone
		{B7C00736-6EC2-4E40-A5F8-90F01034C598}.Release|x64.Build.0 = Release|iPhone
		{B7C00736-6EC2-4E40-A5F8-90F01034C598}.Release|x64.Deploy.0 = Release|iPhone
		{B7C00736-6EC2-4E40-A5F8-90F01034C598}.Release|x86.ActiveCfg = Release|iPhone
		{B7C00736-6EC2-4E40-A5F8-90F01034C598}.Release|x86.Build.0 = Release|iPhone
		{B7C00736-6EC2-4E40-A5F8-90F01034C598}.Release|x86.Deploy.0 = Release|iPhone
		{D19DD525-36F8-438F-AFCB-ACC59008ACD1}.Ad-Hoc|Any CPU.ActiveCfg = Release|x86
		{D19DD525-36F8-438F-AFCB-ACC59008ACD1}.Ad-Hoc|Any CPU.Build.0 = Release|x86
		{D19DD525-36F8-438F-AFCB-ACC59008ACD1}.Ad-Hoc|Any CPU.Deploy.0 = Release|x86
		{D19DD525-36F8-438F-AFCB-ACC59008ACD1}.Ad-Hoc|ARM.ActiveCfg = Release|ARM
		{D19DD525-36F8-438F-AFCB-ACC59008ACD1}.Ad-Hoc|ARM.Build.0 = Release|ARM
		{D19DD525-36F8-438F-AFCB-ACC59008ACD1}.Ad-Hoc|ARM.Deploy.0 = Release|ARM
		{D19DD525-36F8-438F-AFCB-ACC59008ACD1}.Ad-Hoc|iPhone.ActiveCfg = Release|x86
		{D19DD525-36F8-438F-AFCB-ACC59008ACD1}.Ad-Hoc|iPhone.Build.0 = Release|x86
		{D19DD525-36F8-438F-AFCB-ACC59008ACD1}.Ad-Hoc|iPhone.Deploy.0 = Release|x86
		{D19DD525-36F8-438F-AFCB-ACC59008ACD1}.Ad-Hoc|iPhoneSimulator.ActiveCfg = Release|x86
		{D19DD525-36F8-438F-AFCB-ACC59008ACD1}.Ad-Hoc|iPhoneSimulator.Build.0 = Release|x86
		{D19DD525-36F8-438F-AFCB-ACC59008ACD1}.Ad-Hoc|iPhoneSimulator.Deploy.0 = Release|x86
		{D19DD525-36F8-438F-AFCB-ACC59008ACD1}.Ad-Hoc|x64.ActiveCfg = Release|x64
		{D19DD525-36F8-438F-AFCB-ACC59008ACD1}.Ad-Hoc|x64.Build.0 = Release|x64
		{D19DD525-36F8-438F-AFCB-ACC59008ACD1}.Ad-Hoc|x64.Deploy.0 = Release|x64
		{D19DD525-36F8-438F-AFCB-ACC59008ACD1}.Ad-Hoc|x86.ActiveCfg = Release|x86
		{D19DD525-36F8-438F-AFCB-ACC59008ACD1}.Ad-Hoc|x86.Build.0 = Release|x86
		{D19DD525-36F8-438F-AFCB-ACC59008ACD1}.Ad-Hoc|x86.Deploy.0 = Release|x86
		{D19DD525-36F8-438F-AFCB-ACC59008ACD1}.AppStore|Any CPU.ActiveCfg = Release|x86
		{D19DD525-36F8-438F-AFCB-ACC59008ACD1}.AppStore|Any CPU.Build.0 = Release|x86
		{D19DD525-36F8-438F-AFCB-ACC59008ACD1}.AppStore|Any CPU.Deploy.0 = Release|x86
		{D19DD525-36F8-438F-AFCB-ACC59008ACD1}.AppStore|ARM.ActiveCfg = Release|ARM
		{D19DD525-36F8-438F-AFCB-ACC59008ACD1}.AppStore|ARM.Build.0 = Release|ARM
		{D19DD525-36F8-438F-AFCB-ACC59008ACD1}.AppStore|ARM.Deploy.0 = Release|ARM
		{D19DD525-36F8-438F-AFCB-ACC59008ACD1}.AppStore|iPhone.ActiveCfg = Release|x86
		{D19DD525-36F8-438F-AFCB-ACC59008ACD1}.AppStore|iPhone.Build.0 = Release|x86
		{D19DD525-36F8-438F-AFCB-ACC59008ACD1}.AppStore|iPhone.Deploy.0 = Release|x86
		{D19DD525-36F8-438F-AFCB-ACC59008ACD1}.AppStore|iPhoneSimulator.ActiveCfg = Release|x86
		{D19DD525-36F8-438F-AFCB-ACC59008ACD1}.AppStore|iPhoneSimulator.Build.0 = Release|x86
		{D19DD525-36F8-438F-AFCB-ACC59008ACD1}.AppStore|iPhoneSimulator.Deploy.0 = Release|x86
		{D19DD525-36F8-438F-AFCB-ACC59008ACD1}.AppStore|x64.ActiveCfg = Release|x64
		{D19DD525-36F8-438F-AFCB-ACC59008ACD1}.AppStore|x64.Build.0 = Release|x64
		{D19DD525-36F8-438F-AFCB-ACC59008ACD1}.AppStore|x64.Deploy.0 = Release|x64
		{D19DD525-36F8-438F-AFCB-ACC59008ACD1}.AppStore|x86.ActiveCfg = Release|x86
		{D19DD525-36F8-438F-AFCB-ACC59008ACD1}.AppStore|x86.Build.0 = Release|x86
		{D19DD525-36F8-438F-AFCB-ACC59008ACD1}.AppStore|x86.Deploy.0 = Release|x86
		{D19DD525-36F8-438F-AFCB-ACC59008ACD1}.Debug|Any CPU.ActiveCfg = Debug|x86
		{D19DD525-36F8-438F-AFCB-ACC59008ACD1}.Debug|Any CPU.Build.0 = Debug|x86
		{D19DD525-36F8-438F-AFCB-ACC59008ACD1}.Debug|Any CPU.Deploy.0 = Debug|x86
		{D19DD525-36F8-438F-AFCB-ACC59008ACD1}.Debug|ARM.ActiveCfg = Debug|ARM
		{D19DD525-36F8-438F-AFCB-ACC59008ACD1}.Debug|ARM.Build.0 = Debug|ARM
		{D19DD525-36F8-438F-AFCB-ACC59008ACD1}.Debug|ARM.Deploy.0 = Debug|ARM
		{D19DD525-36F8-438F-AFCB-ACC59008ACD1}.Debug|iPhone.ActiveCfg = Debug|x86
		{D19DD525-36F8-438F-AFCB-ACC59008ACD1}.Debug|iPhone.Build.0 = Debug|x86
		{D19DD525-36F8-438F-AFCB-ACC59008ACD1}.Debug|iPhone.Deploy.0 = Debug|x86
		{D19DD525-36F8-438F-AFCB-ACC59008ACD1}.Debug|iPhoneSimulator.ActiveCfg = Debug|x86
		{D19DD525-36F8-438F-AFCB-ACC59008ACD1}.Debug|iPhoneSimulator.Build.0 = Debug|x86
		{D19DD525-36F8-438F-AFCB-ACC59008ACD1}.Debug|iPhoneSimulator.Deploy.0 = Debug|x86
		{D19DD525-36F8-438F-AFCB-ACC59008ACD1}.Debug|x64.ActiveCfg = Debug|x64
		{D19DD525-36F8-438F-AFCB-ACC59008ACD1}.Debug|x64.Build.0 = Debug|x64
		{D19DD525-36F8-438F-AFCB-ACC59008ACD1}.Debug|x64.Deploy.0 = Debug|x64
		{D19DD525-36F8-438F-AFCB-ACC59008ACD1}.Debug|x86.ActiveCfg = Debug|x86
		{D19DD525-36F8-438F-AFCB-ACC59008ACD1}.Debug|x86.Build.0 = Debug|x86
		{D19DD525-36F8-438F-AFCB-ACC59008ACD1}.Debug|x86.Deploy.0 = Debug|x86
		{D19DD525-36F8-438F-AFCB-ACC59008ACD1}.Release|Any CPU.ActiveCfg = Release|x86
		{D19DD525-36F8-438F-AFCB-ACC59008ACD1}.Release|Any CPU.Build.0 = Release|x86
		{D19DD525-36F8-438F-AFCB-ACC59008ACD1}.Release|Any CPU.Deploy.0 = Release|x86
		{D19DD525-36F8-438F-AFCB-ACC59008ACD1}.Release|ARM.ActiveCfg = Release|ARM
		{D19DD525-36F8-438F-AFCB-ACC59008ACD1}.Release|ARM.Build.0 = Release|ARM
		{D19DD525-36F8-438F-AFCB-ACC59008ACD1}.Release|ARM.Deploy.0 = Release|ARM
		{D19DD525-36F8-438F-AFCB-ACC59008ACD1}.Release|iPhone.ActiveCfg = Release|x86
		{D19DD525-36F8-438F-AFCB-ACC59008ACD1}.Release|iPhone.Build.0 = Release|x86
		{D19DD525-36F8-438F-AFCB-ACC59008ACD1}.Release|iPhone.Deploy.0 = Release|x86
		{D19DD525-36F8-438F-AFCB-ACC59008ACD1}.Release|iPhoneSimulator.ActiveCfg = Release|x86
		{D19DD525-36F8-438F-AFCB-ACC59008ACD1}.Release|iPhoneSimulator.Build.0 = Release|x86
		{D19DD525-36F8-438F-AFCB-ACC59008ACD1}.Release|iPhoneSimulator.Deploy.0 = Release|x86
		{D19DD525-36F8-438F-AFCB-ACC59008ACD1}.Release|x64.ActiveCfg = Release|x64
		{D19DD525-36F8-438F-AFCB-ACC59008ACD1}.Release|x64.Build.0 = Release|x64
		{D19DD525-36F8-438F-AFCB-ACC59008ACD1}.Release|x64.Deploy.0 = Release|x64
		{D19DD525-36F8-438F-AFCB-ACC59008ACD1}.Release|x86.ActiveCfg = Release|x86
		{D19DD525-36F8-438F-AFCB-ACC59008ACD1}.Release|x86.Build.0 = Release|x86
		{D19DD525-36F8-438F-AFCB-ACC59008ACD1}.Release|x86.Deploy.0 = Release|x86
	EndGlobalSection
	GlobalSection(SolutionProperties) = preSolution
		HideSolutionNode = FALSE
	EndGlobalSection
	GlobalSection(ExtensibilityGlobals) = postSolution
		SolutionGuid = {C0B06A58-D01D-4B08-98A1-39BCE592D42E}
	EndGlobalSection
EndGlobal
